{
  "pins" : [
    {
      "identity" : "ios_foodlens2sdk",
      "kind" : "remoteSourceControl",
      "location" : "https://bitbucket.org/doing-lab/ios_foodlens2sdk",
      "state" : {
        "revision" : "add9a1e9e3f29982e63317c3dee36454f71cbc74",
        "version" : "1.0.5"
      }
    }
  ],
  "version" : 2
}
