{
  "pins" : [
    {
      "identity" : "ios_foodlens2sdk",
      "kind" : "remoteSourceControl",
      "location" : "https://bitbucket.org/doing-lab/ios_foodlens2sdk",
      "state" : {
        "revision" : "cae3d261d8b9f6f54cb2d55d9b73678b35a02512",
        "version" : "0.2.5"
      }
    }
  ],
  "version" : 2
}
