{
  "pins" : [
    {
      "identity" : "ios_foodlens2sdk",
      "kind" : "remoteSourceControl",
      "location" : "https://bitbucket.org/doing-lab/ios_foodlens2sdk",
      "state" : {
        "branch" : "main",
        "revision" : "1b519780ce9f25a2ec289ff3d130fca5069533dd"
      }
    }
  ],
  "version" : 2
}
