// !$*UTF8*$!
{
	archiveVersion = 1;
	classes = {
	};
	objectVersion = 56;
	objects = {

/* Begin PBXBuildFile section */
		254009E029B0184700D53681 /* SampleCodeApp.swift in Sources */ = {isa = PBXBuildFile; fileRef = 254009DF29B0184700D53681 /* SampleCodeApp.swift */; };
		254009E429B0184800D53681 /* Assets.xcassets in Resources */ = {isa = PBXBuildFile; fileRef = 254009E329B0184800D53681 /* Assets.xcassets */; };
		254009E729B0184800D53681 /* Preview Assets.xcassets in Resources */ = {isa = PBXBuildFile; fileRef = 254009E629B0184800D53681 /* Preview Assets.xcassets */; };
		254009FE29B0189000D53681 /* DotLoaderView.swift in Sources */ = {isa = PBXBuildFile; fileRef = 254009EF29B0189000D53681 /* DotLoaderView.swift */; };
		254009FF29B0189000D53681 /* LoadingView.swift in Sources */ = {isa = PBXBuildFile; fileRef = 254009F029B0189000D53681 /* LoadingView.swift */; };
		25400A0029B0189000D53681 /* PHPicker.swift in Sources */ = {isa = PBXBuildFile; fileRef = 254009F229B0189000D53681 /* PHPicker.swift */; };
		25400A0129B0189000D53681 /* CameraView.swift in Sources */ = {isa = PBXBuildFile; fileRef = 254009F329B0189000D53681 /* CameraView.swift */; };
		25400A0229B0189000D53681 /* ButtonStyle.swift in Sources */ = {isa = PBXBuildFile; fileRef = 254009F429B0189000D53681 /* ButtonStyle.swift */; };
		25400A0329B0189000D53681 /* Collection+Extension.swift in Sources */ = {isa = PBXBuildFile; fileRef = 254009F629B0189000D53681 /* Collection+Extension.swift */; };
		25400A0429B0189000D53681 /* UIImage+Extension.swift in Sources */ = {isa = PBXBuildFile; fileRef = 254009F729B0189000D53681 /* UIImage+Extension.swift */; };
		25400A0529B0189000D53681 /* Double+Extension.swift in Sources */ = {isa = PBXBuildFile; fileRef = 254009F829B0189000D53681 /* Double+Extension.swift */; };
		25400A0629B0189000D53681 /* String+Extension.swift in Sources */ = {isa = PBXBuildFile; fileRef = 254009F929B0189000D53681 /* String+Extension.swift */; };
		25400A0729B0189000D53681 /* ExampleView.swift in Sources */ = {isa = PBXBuildFile; fileRef = 254009FB29B0189000D53681 /* ExampleView.swift */; };
		25400A0829B0189000D53681 /* ViewModel.swift in Sources */ = {isa = PBXBuildFile; fileRef = 254009FD29B0189000D53681 /* ViewModel.swift */; };
		25400A1429B01F3F00D53681 /* FoodLens2 in Frameworks */ = {isa = PBXBuildFile; productRef = 25400A1329B01F3F00D53681 /* FoodLens2 */; };
		2563986729D11DFA00296907 /* FoodLensConfig.swift in Sources */ = {isa = PBXBuildFile; fileRef = 2563986629D11DFA00296907 /* FoodLensConfig.swift */; };
		25AA4DB629B03F1F00876594 /* Localizable.strings in Resources */ = {isa = PBXBuildFile; fileRef = 25AA4DB829B03F1F00876594 /* Localizable.strings */; };
/* End PBXBuildFile section */

/* Begin PBXFileReference section */
		254009DC29B0184700D53681 /* SampleCode.app */ = {isa = PBXFileReference; explicitFileType = wrapper.application; includeInIndex = 0; path = SampleCode.app; sourceTree = BUILT_PRODUCTS_DIR; };
		254009DF29B0184700D53681 /* SampleCodeApp.swift */ = {isa = PBXFileReference; lastKnownFileType = sourcecode.swift; path = SampleCodeApp.swift; sourceTree = "<group>"; };
		254009E329B0184800D53681 /* Assets.xcassets */ = {isa = PBXFileReference; lastKnownFileType = folder.assetcatalog; path = Assets.xcassets; sourceTree = "<group>"; };
		254009E629B0184800D53681 /* Preview Assets.xcassets */ = {isa = PBXFileReference; lastKnownFileType = folder.assetcatalog; path = "Preview Assets.xcassets"; sourceTree = "<group>"; };
		254009EF29B0189000D53681 /* DotLoaderView.swift */ = {isa = PBXFileReference; fileEncoding = 4; lastKnownFileType = sourcecode.swift; path = DotLoaderView.swift; sourceTree = "<group>"; };
		254009F029B0189000D53681 /* LoadingView.swift */ = {isa = PBXFileReference; fileEncoding = 4; lastKnownFileType = sourcecode.swift; path = LoadingView.swift; sourceTree = "<group>"; };
		254009F229B0189000D53681 /* PHPicker.swift */ = {isa = PBXFileReference; fileEncoding = 4; lastKnownFileType = sourcecode.swift; path = PHPicker.swift; sourceTree = "<group>"; };
		254009F329B0189000D53681 /* CameraView.swift */ = {isa = PBXFileReference; fileEncoding = 4; lastKnownFileType = sourcecode.swift; path = CameraView.swift; sourceTree = "<group>"; };
		254009F429B0189000D53681 /* ButtonStyle.swift */ = {isa = PBXFileReference; fileEncoding = 4; lastKnownFileType = sourcecode.swift; path = ButtonStyle.swift; sourceTree = "<group>"; };
		254009F629B0189000D53681 /* Collection+Extension.swift */ = {isa = PBXFileReference; fileEncoding = 4; lastKnownFileType = sourcecode.swift; path = "Collection+Extension.swift"; sourceTree = "<group>"; };
		254009F729B0189000D53681 /* UIImage+Extension.swift */ = {isa = PBXFileReference; fileEncoding = 4; lastKnownFileType = sourcecode.swift; path = "UIImage+Extension.swift"; sourceTree = "<group>"; };
		254009F829B0189000D53681 /* Double+Extension.swift */ = {isa = PBXFileReference; fileEncoding = 4; lastKnownFileType = sourcecode.swift; path = "Double+Extension.swift"; sourceTree = "<group>"; };
		254009F929B0189000D53681 /* String+Extension.swift */ = {isa = PBXFileReference; fileEncoding = 4; lastKnownFileType = sourcecode.swift; path = "String+Extension.swift"; sourceTree = "<group>"; };
		254009FB29B0189000D53681 /* ExampleView.swift */ = {isa = PBXFileReference; fileEncoding = 4; lastKnownFileType = sourcecode.swift; path = ExampleView.swift; sourceTree = "<group>"; };
		254009FD29B0189000D53681 /* ViewModel.swift */ = {isa = PBXFileReference; fileEncoding = 4; lastKnownFileType = sourcecode.swift; path = ViewModel.swift; sourceTree = "<group>"; };
		2563986429D107E600296907 /* Info.plist */ = {isa = PBXFileReference; lastKnownFileType = text.plist; path = Info.plist; sourceTree = "<group>"; };
		2563986629D11DFA00296907 /* FoodLensConfig.swift */ = {isa = PBXFileReference; lastKnownFileType = sourcecode.swift; path = FoodLensConfig.swift; sourceTree = "<group>"; };
		25AA4DB729B03F1F00876594 /* en */ = {isa = PBXFileReference; lastKnownFileType = text.plist.strings; name = en; path = en.lproj/Localizable.strings; sourceTree = "<group>"; };
		25AA4DBA29B03F6500876594 /* ko */ = {isa = PBXFileReference; lastKnownFileType = text.plist.strings; name = ko; path = ko.lproj/Localizable.strings; sourceTree = "<group>"; };
/* End PBXFileReference section */

/* Begin PBXFrameworksBuildPhase section */
		254009D929B0184700D53681 /* Frameworks */ = {
			isa = PBXFrameworksBuildPhase;
			buildActionMask = 2147483647;
			files = (
				25400A1429B01F3F00D53681 /* FoodLens2 in Frameworks */,
			);
			runOnlyForDeploymentPostprocessing = 0;
		};
/* End PBXFrameworksBuildPhase section */

/* Begin PBXGroup section */
		254009D329B0184700D53681 = {
			isa = PBXGroup;
			children = (
				254009DE29B0184700D53681 /* SampleCode */,
				254009DD29B0184700D53681 /* Products */,
			);
			sourceTree = "<group>";
		};
		254009DD29B0184700D53681 /* Products */ = {
			isa = PBXGroup;
			children = (
				254009DC29B0184700D53681 /* SampleCode.app */,
			);
			name = Products;
			sourceTree = "<group>";
		};
		254009DE29B0184700D53681 /* SampleCode */ = {
			isa = PBXGroup;
			children = (
				2563986429D107E600296907 /* Info.plist */,
				254009E329B0184800D53681 /* Assets.xcassets */,
				254009ED29B0189000D53681 /* Components */,
				254009F529B0189000D53681 /* Extension */,
				254009FA29B0189000D53681 /* View */,
				254009FC29B0189000D53681 /* ViewModel */,
				2563986529D11DE400296907 /* Model */,
				254009E529B0184800D53681 /* Preview Content */,
				25AA4DB829B03F1F00876594 /* Localizable.strings */,
			);
			path = SampleCode;
			sourceTree = "<group>";
		};
		254009E529B0184800D53681 /* Preview Content */ = {
			isa = PBXGroup;
			children = (
				254009E629B0184800D53681 /* Preview Assets.xcassets */,
			);
			path = "Preview Content";
			sourceTree = "<group>";
		};
		254009ED29B0189000D53681 /* Components */ = {
			isa = PBXGroup;
			children = (
				254009EE29B0189000D53681 /* LoadingView */,
				254009F129B0189000D53681 /* ImagePicker */,
				254009F429B0189000D53681 /* ButtonStyle.swift */,
			);
			path = Components;
			sourceTree = SOURCE_ROOT;
		};
		254009EE29B0189000D53681 /* LoadingView */ = {
			isa = PBXGroup;
			children = (
				254009EF29B0189000D53681 /* DotLoaderView.swift */,
				254009F029B0189000D53681 /* LoadingView.swift */,
			);
			path = LoadingView;
			sourceTree = "<group>";
		};
		254009F129B0189000D53681 /* ImagePicker */ = {
			isa = PBXGroup;
			children = (
				254009F229B0189000D53681 /* PHPicker.swift */,
				254009F329B0189000D53681 /* CameraView.swift */,
			);
			path = ImagePicker;
			sourceTree = "<group>";
		};
		254009F529B0189000D53681 /* Extension */ = {
			isa = PBXGroup;
			children = (
				254009F629B0189000D53681 /* Collection+Extension.swift */,
				254009F729B0189000D53681 /* UIImage+Extension.swift */,
				254009F829B0189000D53681 /* Double+Extension.swift */,
				254009F929B0189000D53681 /* String+Extension.swift */,
			);
			path = Extension;
			sourceTree = SOURCE_ROOT;
		};
		254009FA29B0189000D53681 /* View */ = {
			isa = PBXGroup;
			children = (
				254009DF29B0184700D53681 /* SampleCodeApp.swift */,
				254009FB29B0189000D53681 /* ExampleView.swift */,
			);
			path = View;
			sourceTree = SOURCE_ROOT;
		};
		254009FC29B0189000D53681 /* ViewModel */ = {
			isa = PBXGroup;
			children = (
				254009FD29B0189000D53681 /* ViewModel.swift */,
			);
			path = ViewModel;
			sourceTree = SOURCE_ROOT;
		};
		2563986529D11DE400296907 /* Model */ = {
			isa = PBXGroup;
			children = (
				2563986629D11DFA00296907 /* FoodLensConfig.swift */,
			);
			path = Model;
			sourceTree = "<group>";
		};
/* End PBXGroup section */

/* Begin PBXNativeTarget section */
		254009DB29B0184700D53681 /* SampleCode */ = {
			isa = PBXNativeTarget;
			buildConfigurationList = 254009EA29B0184800D53681 /* Build configuration list for PBXNativeTarget "SampleCode" */;
			buildPhases = (
				254009D829B0184700D53681 /* Sources */,
				254009D929B0184700D53681 /* Frameworks */,
				254009DA29B0184700D53681 /* Resources */,
			);
			buildRules = (
			);
			dependencies = (
			);
			name = SampleCode;
			packageProductDependencies = (
				25400A1329B01F3F00D53681 /* FoodLens2 */,
			);
			productName = SampleCode;
			productReference = 254009DC29B0184700D53681 /* SampleCode.app */;
			productType = "com.apple.product-type.application";
		};
/* End PBXNativeTarget section */

/* Begin PBXProject section */
		254009D429B0184700D53681 /* Project object */ = {
			isa = PBXProject;
			attributes = {
				BuildIndependentTargetsInParallel = 1;
				LastSwiftUpdateCheck = 1420;
				LastUpgradeCheck = 1420;
				TargetAttributes = {
					254009DB29B0184700D53681 = {
						CreatedOnToolsVersion = 14.2;
					};
				};
			};
			buildConfigurationList = 254009D729B0184700D53681 /* Build configuration list for PBXProject "SampleCode" */;
			compatibilityVersion = "Xcode 14.0";
			developmentRegion = en;
			hasScannedForEncodings = 0;
			knownRegions = (
				en,
				Base,
				ko,
			);
			mainGroup = 254009D329B0184700D53681;
			packageReferences = (
				25400A1229B01F3F00D53681 /* XCRemoteSwiftPackageReference "ios_foodlens2sdk" */,
			);
			productRefGroup = 254009DD29B0184700D53681 /* Products */;
			projectDirPath = "";
			projectRoot = "";
			targets = (
				254009DB29B0184700D53681 /* SampleCode */,
			);
		};
/* End PBXProject section */

/* Begin PBXResourcesBuildPhase section */
		254009DA29B0184700D53681 /* Resources */ = {
			isa = PBXResourcesBuildPhase;
			buildActionMask = 2147483647;
			files = (
				254009E729B0184800D53681 /* Preview Assets.xcassets in Resources */,
				25AA4DB629B03F1F00876594 /* Localizable.strings in Resources */,
				254009E429B0184800D53681 /* Assets.xcassets in Resources */,
			);
			runOnlyForDeploymentPostprocessing = 0;
		};
/* End PBXResourcesBuildPhase section */

/* Begin PBXSourcesBuildPhase section */
		254009D829B0184700D53681 /* Sources */ = {
			isa = PBXSourcesBuildPhase;
			buildActionMask = 2147483647;
			files = (
				25400A0629B0189000D53681 /* String+Extension.swift in Sources */,
				25400A0329B0189000D53681 /* Collection+Extension.swift in Sources */,
				254009FF29B0189000D53681 /* LoadingView.swift in Sources */,
				25400A0429B0189000D53681 /* UIImage+Extension.swift in Sources */,
				254009E029B0184700D53681 /* SampleCodeApp.swift in Sources */,
				25400A0829B0189000D53681 /* ViewModel.swift in Sources */,
				25400A0129B0189000D53681 /* CameraView.swift in Sources */,
				254009FE29B0189000D53681 /* DotLoaderView.swift in Sources */,
				25400A0029B0189000D53681 /* PHPicker.swift in Sources */,
				25400A0529B0189000D53681 /* Double+Extension.swift in Sources */,
				25400A0229B0189000D53681 /* ButtonStyle.swift in Sources */,
				25400A0729B0189000D53681 /* ExampleView.swift in Sources */,
				2563986729D11DFA00296907 /* FoodLensConfig.swift in Sources */,
			);
			runOnlyForDeploymentPostprocessing = 0;
		};
/* End PBXSourcesBuildPhase section */

/* Begin PBXVariantGroup section */
		25AA4DB829B03F1F00876594 /* Localizable.strings */ = {
			isa = PBXVariantGroup;
			children = (
				25AA4DB729B03F1F00876594 /* en */,
				25AA4DBA29B03F6500876594 /* ko */,
			);
			name = Localizable.strings;
			sourceTree = "<group>";
		};
/* End PBXVariantGroup section */

/* Begin XCBuildConfiguration section */
		254009E829B0184800D53681 /* Debug */ = {
			isa = XCBuildConfiguration;
			buildSettings = {
				ALWAYS_SEARCH_USER_PATHS = NO;
				CLANG_ANALYZER_LOCALIZABILITY_NONLOCALIZED = YES;
				CLANG_ANALYZER_NONNULL = YES;
				CLANG_ANALYZER_NUMBER_OBJECT_CONVERSION = YES_AGGRESSIVE;
				CLANG_CXX_LANGUAGE_STANDARD = "gnu++20";
				CLANG_ENABLE_MODULES = YES;
				CLANG_ENABLE_OBJC_ARC = YES;
				CLANG_ENABLE_OBJC_WEAK = YES;
				CLANG_WARN_BLOCK_CAPTURE_AUTORELEASING = YES;
				CLANG_WARN_BOOL_CONVERSION = YES;
				CLANG_WARN_COMMA = YES;
				CLANG_WARN_CONSTANT_CONVERSION = YES;
				CLANG_WARN_DEPRECATED_OBJC_IMPLEMENTATIONS = YES;
				CLANG_WARN_DIRECT_OBJC_ISA_USAGE = YES_ERROR;
				CLANG_WARN_DOCUMENTATION_COMMENTS = YES;
				CLANG_WARN_EMPTY_BODY = YES;
				CLANG_WARN_ENUM_CONVERSION = YES;
				CLANG_WARN_INFINITE_RECURSION = YES;
				CLANG_WARN_INT_CONVERSION = YES;
				CLANG_WARN_NON_LITERAL_NULL_CONVERSION = YES;
				CLANG_WARN_OBJC_IMPLICIT_RETAIN_SELF = YES;
				CLANG_WARN_OBJC_LITERAL_CONVERSION = YES;
				CLANG_WARN_OBJC_ROOT_CLASS = YES_ERROR;
				CLANG_WARN_QUOTED_INCLUDE_IN_FRAMEWORK_HEADER = YES;
				CLANG_WARN_RANGE_LOOP_ANALYSIS = YES;
				CLANG_WARN_STRICT_PROTOTYPES = YES;
				CLANG_WARN_SUSPICIOUS_MOVE = YES;
				CLANG_WARN_UNGUARDED_AVAILABILITY = YES_AGGRESSIVE;
				CLANG_WARN_UNREACHABLE_CODE = YES;
				CLANG_WARN__DUPLICATE_METHOD_MATCH = YES;
				COPY_PHASE_STRIP = NO;
				DEBUG_INFORMATION_FORMAT = dwarf;
				ENABLE_STRICT_OBJC_MSGSEND = YES;
				ENABLE_TESTABILITY = YES;
				GCC_C_LANGUAGE_STANDARD = gnu11;
				GCC_DYNAMIC_NO_PIC = NO;
				GCC_NO_COMMON_BLOCKS = YES;
				GCC_OPTIMIZATION_LEVEL = 0;
				GCC_PREPROCESSOR_DEFINITIONS = (
					"DEBUG=1",
					"$(inherited)",
				);
				GCC_WARN_64_TO_32_BIT_CONVERSION = YES;
				GCC_WARN_ABOUT_RETURN_TYPE = YES_ERROR;
				GCC_WARN_UNDECLARED_SELECTOR = YES;
				GCC_WARN_UNINITIALIZED_AUTOS = YES_AGGRESSIVE;
				GCC_WARN_UNUSED_FUNCTION = YES;
				GCC_WARN_UNUSED_VARIABLE = YES;
				IPHONEOS_DEPLOYMENT_TARGET = 14.0;
				MTL_ENABLE_DEBUG_INFO = INCLUDE_SOURCE;
				MTL_FAST_MATH = YES;
				ONLY_ACTIVE_ARCH = YES;
				SDKROOT = iphoneos;
				SWIFT_ACTIVE_COMPILATION_CONDITIONS = DEBUG;
				SWIFT_OPTIMIZATION_LEVEL = "-Onone";
			};
			name = Debug;
		};
		254009E929B0184800D53681 /* Release */ = {
			isa = XCBuildConfiguration;
			buildSettings = {
				ALWAYS_SEARCH_USER_PATHS = NO;
				CLANG_ANALYZER_LOCALIZABILITY_NONLOCALIZED = YES;
				CLANG_ANALYZER_NONNULL = YES;
				CLANG_ANALYZER_NUMBER_OBJECT_CONVERSION = YES_AGGRESSIVE;
				CLANG_CXX_LANGUAGE_STANDARD = "gnu++20";
				CLANG_ENABLE_MODULES = YES;
				CLANG_ENABLE_OBJC_ARC = YES;
				CLANG_ENABLE_OBJC_WEAK = YES;
				CLANG_WARN_BLOCK_CAPTURE_AUTORELEASING = YES;
				CLANG_WARN_BOOL_CONVERSION = YES;
				CLANG_WARN_COMMA = YES;
				CLANG_WARN_CONSTANT_CONVERSION = YES;
				CLANG_WARN_DEPRECATED_OBJC_IMPLEMENTATIONS = YES;
				CLANG_WARN_DIRECT_OBJC_ISA_USAGE = YES_ERROR;
				CLANG_WARN_DOCUMENTATION_COMMENTS = YES;
				CLANG_WARN_EMPTY_BODY = YES;
				CLANG_WARN_ENUM_CONVERSION = YES;
				CLANG_WARN_INFINITE_RECURSION = YES;
				CLANG_WARN_INT_CONVERSION = YES;
				CLANG_WARN_NON_LITERAL_NULL_CONVERSION = YES;
				CLANG_WARN_OBJC_IMPLICIT_RETAIN_SELF = YES;
				CLANG_WARN_OBJC_LITERAL_CONVERSION = YES;
				CLANG_WARN_OBJC_ROOT_CLASS = YES_ERROR;
				CLANG_WARN_QUOTED_INCLUDE_IN_FRAMEWORK_HEADER = YES;
				CLANG_WARN_RANGE_LOOP_ANALYSIS = YES;
				CLANG_WARN_STRICT_PROTOTYPES = YES;
				CLANG_WARN_SUSPICIOUS_MOVE = YES;
				CLANG_WARN_UNGUARDED_AVAILABILITY = YES_AGGRESSIVE;
				CLANG_WARN_UNREACHABLE_CODE = YES;
				CLANG_WARN__DUPLICATE_METHOD_MATCH = YES;
				COPY_PHASE_STRIP = NO;
				DEBUG_INFORMATION_FORMAT = "dwarf-with-dsym";
				ENABLE_NS_ASSERTIONS = NO;
				ENABLE_STRICT_OBJC_MSGSEND = YES;
				GCC_C_LANGUAGE_STANDARD = gnu11;
				GCC_NO_COMMON_BLOCKS = YES;
				GCC_WARN_64_TO_32_BIT_CONVERSION = YES;
				GCC_WARN_ABOUT_RETURN_TYPE = YES_ERROR;
				GCC_WARN_UNDECLARED_SELECTOR = YES;
				GCC_WARN_UNINITIALIZED_AUTOS = YES_AGGRESSIVE;
				GCC_WARN_UNUSED_FUNCTION = YES;
				GCC_WARN_UNUSED_VARIABLE = YES;
				IPHONEOS_DEPLOYMENT_TARGET = 14.0;
				MTL_ENABLE_DEBUG_INFO = NO;
				MTL_FAST_MATH = YES;
				SDKROOT = iphoneos;
				SWIFT_COMPILATION_MODE = wholemodule;
				SWIFT_OPTIMIZATION_LEVEL = "-O";
				VALIDATE_PRODUCT = YES;
			};
			name = Release;
		};
		254009EB29B0184800D53681 /* Debug */ = {
			isa = XCBuildConfiguration;
			buildSettings = {
				ASSETCATALOG_COMPILER_APPICON_NAME = AppIcon;
				ASSETCATALOG_COMPILER_GLOBAL_ACCENT_COLOR_NAME = AccentColor;
				CODE_SIGN_STYLE = Automatic;
				CURRENT_PROJECT_VERSION = 1;
				DEVELOPMENT_ASSET_PATHS = "\"SampleCode/Preview Content\"";
				DEVELOPMENT_TEAM = GGV5WWVER9;
				ENABLE_PREVIEWS = YES;
				GENERATE_INFOPLIST_FILE = YES;
				INFOPLIST_FILE = SampleCode/Info.plist;
				INFOPLIST_KEY_UIApplicationSceneManifest_Generation = YES;
				INFOPLIST_KEY_UIApplicationSupportsIndirectInputEvents = YES;
				INFOPLIST_KEY_UILaunchScreen_Generation = YES;
				INFOPLIST_KEY_UISupportedInterfaceOrientations_iPad = "UIInterfaceOrientationPortrait UIInterfaceOrientationPortraitUpsideDown UIInterfaceOrientationLandscapeLeft UIInterfaceOrientationLandscapeRight";
				INFOPLIST_KEY_UISupportedInterfaceOrientations_iPhone = "UIInterfaceOrientationPortrait UIInterfaceOrientationLandscapeLeft UIInterfaceOrientationLandscapeRight";
				IPHONEOS_DEPLOYMENT_TARGET = 14.0;
				LD_RUNPATH_SEARCH_PATHS = (
					"$(inherited)",
					"@executable_path/Frameworks",
				);
				MARKETING_VERSION = 1.0;
				PRODUCT_BUNDLE_IDENTIFIER = com.doinglab.foodlens2.example;
				PRODUCT_NAME = "$(TARGET_NAME)";
				SWIFT_EMIT_LOC_STRINGS = YES;
				SWIFT_VERSION = 5.0;
				TARGETED_DEVICE_FAMILY = "1,2";
			};
			name = Debug;
		};
		254009EC29B0184800D53681 /* Release */ = {
			isa = XCBuildConfiguration;
			buildSettings = {
				ASSETCATALOG_COMPILER_APPICON_NAME = AppIcon;
				ASSETCATALOG_COMPILER_GLOBAL_ACCENT_COLOR_NAME = AccentColor;
				CODE_SIGN_STYLE = Automatic;
				CURRENT_PROJECT_VERSION = 1;
				DEVELOPMENT_ASSET_PATHS = "\"SampleCode/Preview Content\"";
				DEVELOPMENT_TEAM = GGV5WWVER9;
				ENABLE_PREVIEWS = YES;
				GENERATE_INFOPLIST_FILE = YES;
				INFOPLIST_FILE = SampleCode/Info.plist;
				INFOPLIST_KEY_UIApplicationSceneManifest_Generation = YES;
				INFOPLIST_KEY_UIApplicationSupportsIndirectInputEvents = YES;
				INFOPLIST_KEY_UILaunchScreen_Generation = YES;
				INFOPLIST_KEY_UISupportedInterfaceOrientations_iPad = "UIInterfaceOrientationPortrait UIInterfaceOrientationPortraitUpsideDown UIInterfaceOrientationLandscapeLeft UIInterfaceOrientationLandscapeRight";
				INFOPLIST_KEY_UISupportedInterfaceOrientations_iPhone = "UIInterfaceOrientationPortrait UIInterfaceOrientationLandscapeLeft UIInterfaceOrientationLandscapeRight";
				IPHONEOS_DEPLOYMENT_TARGET = 14.0;
				LD_RUNPATH_SEARCH_PATHS = (
					"$(inherited)",
					"@executable_path/Frameworks",
				);
				MARKETING_VERSION = 1.0;
				PRODUCT_BUNDLE_IDENTIFIER = com.doinglab.foodlens2.example;
				PRODUCT_NAME = "$(TARGET_NAME)";
				SWIFT_EMIT_LOC_STRINGS = YES;
				SWIFT_VERSION = 5.0;
				TARGETED_DEVICE_FAMILY = "1,2";
			};
			name = Release;
		};
/* End XCBuildConfiguration section */

/* Begin XCConfigurationList section */
		254009D729B0184700D53681 /* Build configuration list for PBXProject "SampleCode" */ = {
			isa = XCConfigurationList;
			buildConfigurations = (
				254009E829B0184800D53681 /* Debug */,
				254009E929B0184800D53681 /* Release */,
			);
			defaultConfigurationIsVisible = 0;
			defaultConfigurationName = Release;
		};
		254009EA29B0184800D53681 /* Build configuration list for PBXNativeTarget "SampleCode" */ = {
			isa = XCConfigurationList;
			buildConfigurations = (
				254009EB29B0184800D53681 /* Debug */,
				254009EC29B0184800D53681 /* Release */,
			);
			defaultConfigurationIsVisible = 0;
			defaultConfigurationName = Release;
		};
/* End XCConfigurationList section */

/* Begin XCRemoteSwiftPackageReference section */
		25400A1229B01F3F00D53681 /* XCRemoteSwiftPackageReference "ios_foodlens2sdk" */ = {
			isa = XCRemoteSwiftPackageReference;
			repositoryURL = "https://bitbucket.org/doing-lab/ios_foodlens2sdk";
			requirement = {
				kind = upToNextMajorVersion;
				minimumVersion = 0.2.1;
			};
		};
/* End XCRemoteSwiftPackageReference section */

/* Begin XCSwiftPackageProductDependency section */
		25400A1329B01F3F00D53681 /* FoodLens2 */ = {
			isa = XCSwiftPackageProductDependency;
			package = 25400A1229B01F3F00D53681 /* XCRemoteSwiftPackageReference "ios_foodlens2sdk" */;
			productName = FoodLens2;
		};
/* End XCSwiftPackageProductDependency section */
	};
	rootObject = 254009D429B0184700D53681 /* Project object */;
}
